
Microsoft Visual Studio Solution File, Format Version 12.00
# Visual Studio Version 17
VisualStudioVersion = 17.0.31903.59
MinimumVisualStudioVersion = 10.0.40219.1
Project("{2150E333-8FDC-42A3-9474-1A3956D46DE8}") = "src", "src", "{827E0CD3-B72D-47B6-A68D-7590B98EB39B}"
EndProject
Project("{FAE04EC0-301F-11D3-BF4B-00C04F79EFBC}") = "angularSkinet.Api", "src\angularSkinet.Api\angularSkinet.Api.csproj", "{6C82542D-15FF-4FF8-8267-B844C876E6CC}"
EndProject
Project("{FAE04EC0-301F-11D3-BF4B-00C04F79EFBC}") = "angularSkinet.Core", "src\angularSkinet.Core\angularSkinet.Core.csproj", "{612586F4-8EFC-40CB-95B1-53AC48B57690}"
EndProject
Project("{FAE04EC0-301F-11D3-BF4B-00C04F79EFBC}") = "angularSkinet.Infrastructure", "src\angularSkinet.Infrastructure\angularSkinet.Infrastructure.csproj", "{6F8514BB-92FB-4F1F-849E-500ED41D21B9}"
EndProject
Global
	GlobalSection(SolutionConfigurationPlatforms) = preSolution
		Debug|Any CPU = Debug|Any CPU
		Debug|x64 = Debug|x64
		Debug|x86 = Debug|x86
		Release|Any CPU = Release|Any CPU
		Release|x64 = Release|x64
		Release|x86 = Release|x86
	EndGlobalSection
	GlobalSection(ProjectConfigurationPlatforms) = postSolution
		{6C82542D-15FF-4FF8-8267-B844C876E6CC}.Debug|Any CPU.ActiveCfg = Debug|Any CPU
		{6C82542D-15FF-4FF8-8267-B844C876E6CC}.Debug|Any CPU.Build.0 = Debug|Any CPU
		{6C82542D-15FF-4FF8-8267-B844C876E6CC}.Debug|x64.ActiveCfg = Debug|Any CPU
		{6C82542D-15FF-4FF8-8267-B844C876E6CC}.Debug|x64.Build.0 = Debug|Any CPU
		{6C82542D-15FF-4FF8-8267-B844C876E6CC}.Debug|x86.ActiveCfg = Debug|Any CPU
		{6C82542D-15FF-4FF8-8267-B844C876E6CC}.Debug|x86.Build.0 = Debug|Any CPU
		{6C82542D-15FF-4FF8-8267-B844C876E6CC}.Release|Any CPU.ActiveCfg = Release|Any CPU
		{6C82542D-15FF-4FF8-8267-B844C876E6CC}.Release|Any CPU.Build.0 = Release|Any CPU
		{6C82542D-15FF-4FF8-8267-B844C876E6CC}.Release|x64.ActiveCfg = Release|Any CPU
		{6C82542D-15FF-4FF8-8267-B844C876E6CC}.Release|x64.Build.0 = Release|Any CPU
		{6C82542D-15FF-4FF8-8267-B844C876E6CC}.Release|x86.ActiveCfg = Release|Any CPU
		{6C82542D-15FF-4FF8-8267-B844C876E6CC}.Release|x86.Build.0 = Release|Any CPU
		{612586F4-8EFC-40CB-95B1-53AC48B57690}.Debug|Any CPU.ActiveCfg = Debug|Any CPU
		{612586F4-8EFC-40CB-95B1-53AC48B57690}.Debug|Any CPU.Build.0 = Debug|Any CPU
		{612586F4-8EFC-40CB-95B1-53AC48B57690}.Debug|x64.ActiveCfg = Debug|Any CPU
		{612586F4-8EFC-40CB-95B1-53AC48B57690}.Debug|x64.Build.0 = Debug|Any CPU
		{612586F4-8EFC-40CB-95B1-53AC48B57690}.Debug|x86.ActiveCfg = Debug|Any CPU
		{612586F4-8EFC-40CB-95B1-53AC48B57690}.Debug|x86.Build.0 = Debug|Any CPU
		{612586F4-8EFC-40CB-95B1-53AC48B57690}.Release|Any CPU.ActiveCfg = Release|Any CPU
		{612586F4-8EFC-40CB-95B1-53AC48B57690}.Release|Any CPU.Build.0 = Release|Any CPU
		{612586F4-8EFC-40CB-95B1-53AC48B57690}.Release|x64.ActiveCfg = Release|Any CPU
		{612586F4-8EFC-40CB-95B1-53AC48B57690}.Release|x64.Build.0 = Release|Any CPU
		{612586F4-8EFC-40CB-95B1-53AC48B57690}.Release|x86.ActiveCfg = Release|Any CPU
		{612586F4-8EFC-40CB-95B1-53AC48B57690}.Release|x86.Build.0 = Release|Any CPU
		{6F8514BB-92FB-4F1F-849E-500ED41D21B9}.Debug|Any CPU.ActiveCfg = Debug|Any CPU
		{6F8514BB-92FB-4F1F-849E-500ED41D21B9}.Debug|Any CPU.Build.0 = Debug|Any CPU
		{6F8514BB-92FB-4F1F-849E-500ED41D21B9}.Debug|x64.ActiveCfg = Debug|Any CPU
		{6F8514BB-92FB-4F1F-849E-500ED41D21B9}.Debug|x64.Build.0 = Debug|Any CPU
		{6F8514BB-92FB-4F1F-849E-500ED41D21B9}.Debug|x86.ActiveCfg = Debug|Any CPU
		{6F8514BB-92FB-4F1F-849E-500ED41D21B9}.Debug|x86.Build.0 = Debug|Any CPU
		{6F8514BB-92FB-4F1F-849E-500ED41D21B9}.Release|Any CPU.ActiveCfg = Release|Any CPU
		{6F8514BB-92FB-4F1F-849E-500ED41D21B9}.Release|Any CPU.Build.0 = Release|Any CPU
		{6F8514BB-92FB-4F1F-849E-500ED41D21B9}.Release|x64.ActiveCfg = Release|Any CPU
		{6F8514BB-92FB-4F1F-849E-500ED41D21B9}.Release|x64.Build.0 = Release|Any CPU
		{6F8514BB-92FB-4F1F-849E-500ED41D21B9}.Release|x86.ActiveCfg = Release|Any CPU
		{6F8514BB-92FB-4F1F-849E-500ED41D21B9}.Release|x86.Build.0 = Release|Any CPU
	EndGlobalSection
	GlobalSection(SolutionProperties) = preSolution
		HideSolutionNode = FALSE
	EndGlobalSection
	GlobalSection(NestedProjects) = preSolution
		{6C82542D-15FF-4FF8-8267-B844C876E6CC} = {827E0CD3-B72D-47B6-A68D-7590B98EB39B}
		{612586F4-8EFC-40CB-95B1-53AC48B57690} = {827E0CD3-B72D-47B6-A68D-7590B98EB39B}
		{6F8514BB-92FB-4F1F-849E-500ED41D21B9} = {827E0CD3-B72D-47B6-A68D-7590B98EB39B}
	EndGlobalSection
EndGlobal
